PODS:
  - SourceModel (1.0):
    - StanwoodCore
  - StanwoodCore (1.5.0)

DEPENDENCIES:
  - SourceModel (from `../`)

SPEC REPOS:
  https://github.com/cocoapods/specs.git:
    - StanwoodCore

EXTERNAL SOURCES:
  SourceModel:
    :path: "../"

SPEC CHECKSUMS:
  SourceModel: 54233c36199549ee827ea40d33e4ef5f061f177b
  StanwoodCore: 8f296756043d34b8679ecd2d5e4dd6cc4b3a8d78

PODFILE CHECKSUM: cf83928487fad76cc26670e86a0e3a7f50994e1f

COCOAPODS: 1.7.4
